
Microsoft Visual Studio Solution File, Format Version 12.00
# Visual Studio Version 17
VisualStudioVersion = 17.3.32922.545
MinimumVisualStudioVersion = 10.0.40219.1
Project("{9A19103F-16F7-4668-BE54-9A1E7A4F7556}") = "HotelListingAPI", "HotelListingAPI\HotelListingAPI.csproj", "{E0180870-404A-4E41-9CAF-EB3D67FD7C90}"
EndProject
Project("{FAE04EC0-301F-11D3-BF4B-00C04F79EFBC}") = "HotelListingMinimalAPI", "HotelListingMinimalAPI\HotelListingMinimalAPI.csproj", "{1B718D61-8CE2-48BB-BCBE-597788A9AD18}"
EndProject
Global
	GlobalSection(SolutionConfigurationPlatforms) = preSolution
		Debug|Any CPU = Debug|Any CPU
		Release|Any CPU = Release|Any CPU
	EndGlobalSection
	GlobalSection(ProjectConfigurationPlatforms) = postSolution
		{E0180870-404A-4E41-9CAF-EB3D67FD7C90}.Debug|Any CPU.ActiveCfg = Debug|Any CPU
		{E0180870-404A-4E41-9CAF-EB3D67FD7C90}.Debug|Any CPU.Build.0 = Debug|Any CPU
		{E0180870-404A-4E41-9CAF-EB3D67FD7C90}.Release|Any CPU.ActiveCfg = Release|Any CPU
		{E0180870-404A-4E41-9CAF-EB3D67FD7C90}.Release|Any CPU.Build.0 = Release|Any CPU
		{1B718D61-8CE2-48BB-BCBE-597788A9AD18}.Debug|Any CPU.ActiveCfg = Debug|Any CPU
		{1B718D61-8CE2-48BB-BCBE-597788A9AD18}.Debug|Any CPU.Build.0 = Debug|Any CPU
		{1B718D61-8CE2-48BB-BCBE-597788A9AD18}.Release|Any CPU.ActiveCfg = Release|Any CPU
		{1B718D61-8CE2-48BB-BCBE-597788A9AD18}.Release|Any CPU.Build.0 = Release|Any CPU
	EndGlobalSection
	GlobalSection(SolutionProperties) = preSolution
		HideSolutionNode = FALSE
	EndGlobalSection
	GlobalSection(ExtensibilityGlobals) = postSolution
		SolutionGuid = {01AAFA09-6C0C-4D50-ABE4-084FC1BB37B0}
	EndGlobalSection
EndGlobal
